{
  "lockfileVersion": 1,
  "configVersion": 1,
  "workspaces": {
    "": {
      "name": "tmux-pane-dash-workspace",
      "devDependencies": {
        "sigstore": "4.1.1",
      },
    },
    "opencode-plugin": {
      "name": "@xiopt/pane-dash-opencode",
      "version": "0.1.1",
    },
    "packages/tmux-pane-dash": {
      "name": "@xiopt/tmux-pane-dash",
      "version": "0.1.1",
    },
  },
  "packages": {
    "@gar/promise-retry": ["@gar/promise-retry@1.0.3", "", {}, "sha512-GmzA9ckNokPypTg10pgpeHNQe7ph+iIKKmhKu3Ob9ANkswreCx7R3cKmY781K8QK3AqVL3xVh9A42JvIAbkkSA=="],

    "@npmcli/agent": ["@npmcli/agent@4.0.2", "", { "dependencies": { "agent-base": "^7.1.0", "http-proxy-agent": "^7.0.0", "https-proxy-agent": "^7.0.1", "lru-cache": "^11.2.1", "socks-proxy-agent": "^8.0.3" } }, "sha512-EUEuWAxnL07Sp5/iC/1X6Xj+XThUvnbei9zfRWZdEXa7lss9RTHMhAHBeg+MZ5To9s/gGaSI+UwZTPdYMvKSeg=="],

    "@npmcli/fs": ["@npmcli/fs@5.0.0", "", { "dependencies": { "semver": "^7.3.5" } }, "sha512-7OsC1gNORBEawOa5+j2pXN9vsicaIOH5cPXxoR6fJOmH6/EXpJB2CajXOu1fPRFun2m1lktEFX11+P89hqO/og=="],

    "@npmcli/redact": ["@npmcli/redact@4.0.0", "", {}, "sha512-gOBg5YHMfZy+TfHArfVogwgfBeQnKbbGo3pSUyK/gSI0AVu+pEiDVcKlQb0D8Mg1LNRZILZ6XG8I5dJ4KuAd9Q=="],

    "@sigstore/bundle": ["@sigstore/bundle@4.0.0", "", { "dependencies": { "@sigstore/protobuf-specs": "^0.5.0" } }, "sha512-NwCl5Y0V6Di0NexvkTqdoVfmjTaQwoLM236r89KEojGmq/jMls8S+zb7yOwAPdXvbwfKDlP+lmXgAL4vKSQT+A=="],

    "@sigstore/core": ["@sigstore/core@3.2.1", "", {}, "sha512-qRsxPnCrbC/puegGxKuynfnxgLiHqWStrSjxkoB4YKqq3Z3s4cyZyj42ZdWFAEblNP65C+rBH8EuREHIXoi83g=="],

    "@sigstore/protobuf-specs": ["@sigstore/protobuf-specs@0.5.1", "", {}, "sha512-/ScWUhhoFasJsSRGTVBwId1loQjjnjAfE4djL6ZhrXRpNCmPTnUKF5Jokd58ILseOMjzET3UrMOtJPS9sYeI0g=="],

    "@sigstore/sign": ["@sigstore/sign@4.1.1", "", { "dependencies": { "@gar/promise-retry": "^1.0.2", "@sigstore/bundle": "^4.0.0", "@sigstore/core": "^3.2.0", "@sigstore/protobuf-specs": "^0.5.0", "make-fetch-happen": "^15.0.4", "proc-log": "^6.1.0" } }, "sha512-Hf4xglukg0XXQ2RiD5vSoLjdPe8OBUPA8XeVjUObheuDcWdYWrnH/BNmxZCzkAy68MzmNCxXLeurJvs6hcP2OQ=="],

    "@sigstore/tuf": ["@sigstore/tuf@4.0.2", "", { "dependencies": { "@sigstore/protobuf-specs": "^0.5.0", "tuf-js": "^4.1.0" } }, "sha512-TCAzTy0xzdP79EnxSjq9KQ3eaR7+FmudLC6eRKknVKZbV7ZNlGLClAAQb/HMNJ5n2OBNk2GT1tEmU0xuPr+SLQ=="],

    "@sigstore/verify": ["@sigstore/verify@3.1.1", "", { "dependencies": { "@sigstore/bundle": "^4.0.0", "@sigstore/core": "^3.2.1", "@sigstore/protobuf-specs": "^0.5.0" } }, "sha512-qv7+G3J2cc6wwFj3yKvXOamzqhMwSk1ogPGmhpS8iXllcPrJaIIBA+4HbttlHVu1pqWTdmaCH/WE7UOC51kdoA=="],

    "@tufjs/canonical-json": ["@tufjs/canonical-json@2.0.0", "", {}, "sha512-yVtV8zsdo8qFHe+/3kw81dSLyF7D576A5cCFCi4X7B39tWT7SekaEFUnvnWJHz+9qO7qJTah1JbrDjWKqFtdWA=="],

    "@tufjs/models": ["@tufjs/models@4.1.0", "", { "dependencies": { "@tufjs/canonical-json": "2.0.0", "minimatch": "^10.1.1" } }, "sha512-Y8cK9aggNRsqJVaKUlEYs4s7CvQ1b1ta2DVPyAimb0I2qhzjNk+A+mxvll/klL0RlfuIUei8BF7YWiua4kQqww=="],

    "@xiopt/pane-dash-opencode": ["@xiopt/pane-dash-opencode@workspace:opencode-plugin"],

    "@xiopt/tmux-pane-dash": ["@xiopt/tmux-pane-dash@workspace:packages/tmux-pane-dash"],

    "agent-base": ["agent-base@7.1.4", "", {}, "sha512-MnA+YT8fwfJPgBx3m60MNqakm30XOkyIoH1y6huTQvC0PwZG7ki8NacLBcrPbNoo8vEZy7Jpuk7+jMO+CUovTQ=="],

    "balanced-match": ["balanced-match@4.0.4", "", {}, "sha512-BLrgEcRTwX2o6gGxGOCNyMvGSp35YofuYzw9h1IMTRmKqttAZZVU67bdb9Pr2vUHA8+j3i2tJfjO6C6+4myGTA=="],

    "brace-expansion": ["brace-expansion@5.0.8", "", { "dependencies": { "balanced-match": "^4.0.2" } }, "sha512-JZyDyq3D4AUifKTPOB7DELf6XsB3WdPuNxCtob1vFXPsSXhdAiHBWJ/tJ8HAc9aH84BK+5JFZLNkJKx3G9kzQg=="],

    "cacache": ["cacache@20.0.4", "", { "dependencies": { "@npmcli/fs": "^5.0.0", "fs-minipass": "^3.0.0", "glob": "^13.0.0", "lru-cache": "^11.1.0", "minipass": "^7.0.3", "minipass-collect": "^2.0.1", "minipass-flush": "^1.0.5", "minipass-pipeline": "^1.2.4", "p-map": "^7.0.2", "ssri": "^13.0.0" } }, "sha512-M3Lab8NPYlZU2exsL3bMVvMrMqgwCnMWfdZbK28bn3pK6APT/Te/I8hjRPNu1uwORY9a1eEQoifXbKPQMfMTOA=="],

    "debug": ["debug@4.4.3", "", { "dependencies": { "ms": "^2.1.3" }, "peerDependencies": { "supports-color": "*" }, "optionalPeers": ["supports-color"] }, "sha512-RGwwWnwQvkVfavKVt22FGLw+xYSdzARwm0ru6DhTVA3umU5hZc28V3kO4stgYryrTlLpuvgI9GiijltAjNbcqA=="],

    "fs-minipass": ["fs-minipass@3.0.3", "", { "dependencies": { "minipass": "^7.0.3" } }, "sha512-XUBA9XClHbnJWSfBzjkm6RvPsyg3sryZt06BEQoXcF7EK/xpGaQYJgQKDJSUH5SGZ76Y7pFx1QBnXz09rU5Fbw=="],

    "glob": ["glob@13.0.6", "", { "dependencies": { "minimatch": "^10.2.2", "minipass": "^7.1.3", "path-scurry": "^2.0.2" } }, "sha512-Wjlyrolmm8uDpm/ogGyXZXb1Z+Ca2B8NbJwqBVg0axK9GbBeoS7yGV6vjXnYdGm6X53iehEuxxbyiKp8QmN4Vw=="],

    "http-cache-semantics": ["http-cache-semantics@4.2.0", "", {}, "sha512-dTxcvPXqPvXBQpq5dUr6mEMJX4oIEFv6bwom3FDwKRDsuIjjJGANqhBuoAn9c1RQJIdAKav33ED65E2ys+87QQ=="],

    "http-proxy-agent": ["http-proxy-agent@7.0.2", "", { "dependencies": { "agent-base": "^7.1.0", "debug": "^4.3.4" } }, "sha512-T1gkAiYYDWYx3V5Bmyu7HcfcvL7mUrTWiM6yOfa3PIphViJ/gFPbvidQ+veqSOHci/PxBcDabeUNCzpOODJZig=="],

    "https-proxy-agent": ["https-proxy-agent@7.0.6", "", { "dependencies": { "agent-base": "^7.1.2", "debug": "4" } }, "sha512-vK9P5/iUfdl95AI+JVyUuIcVtd4ofvtrOr3HNtM2yxC9bnMbEdp3x01OhQNnjb8IJYi38VlTE3mBXwcfvywuSw=="],

    "iconv-lite": ["iconv-lite@0.7.3", "", { "dependencies": { "safer-buffer": ">= 2.1.2 < 3.0.0" } }, "sha512-IKXpvIzjnC9XTAUbVBcMfGS0EPaIXtW6v+zr+RRp+hqULEpo0owZax6wyRwPOJbWbzjYspQwusTsfVr0ifh4uQ=="],

    "ip-address": ["ip-address@10.3.1", "", {}, "sha512-1e9d3kb97NHJTIJDZW9rKqW2h6+dFa50Dy0fpPSMQp2ADje5gvKsXmdiK6dwY5t76TaTt5+P5N1Y/LoToIxP6g=="],

    "lru-cache": ["lru-cache@11.5.2", "", {}, "sha512-4pfM1Ff0x50o0tQwb5ucw/RzNyD0/YJME6IVcStalZuMWxdt3sR3huStTtxz4PUmvZfRguvDejasvQ2kifR11g=="],

    "make-fetch-happen": ["make-fetch-happen@15.0.6", "", { "dependencies": { "@gar/promise-retry": "^1.0.0", "@npmcli/agent": "^4.0.0", "@npmcli/redact": "^4.0.0", "cacache": "^20.0.1", "http-cache-semantics": "^4.1.1", "minipass": "^7.0.2", "minipass-fetch": "^5.0.0", "minipass-flush": "^1.0.5", "minipass-pipeline": "^1.2.4", "negotiator": "^1.0.0", "proc-log": "^6.0.0", "ssri": "^13.0.0" } }, "sha512-Je0fLJ0F5atA7F+eIlLzk+Wkcl57JDf4kf+EW8xiP5E31xOQxkIxTbgf1Oi1Lw9tRI9UEMRdI5Vz2xTzoNU1Jw=="],

    "minimatch": ["minimatch@10.2.6", "", { "dependencies": { "brace-expansion": "^5.0.8" } }, "sha512-vpLQEs+VLCr1nU0BXS07maYoFwlDAH0gngQuuttxIwutDFEMHq2blX+8vpgxDdK3J1PwjCJiep77OitTZ4Ll1A=="],

    "minipass": ["minipass@7.1.3", "", {}, "sha512-tEBHqDnIoM/1rXME1zgka9g6Q2lcoCkxHLuc7ODJ5BxbP5d4c2Z5cGgtXAku59200Cx7diuHTOYfSBD8n6mm8A=="],

    "minipass-collect": ["minipass-collect@2.0.1", "", { "dependencies": { "minipass": "^7.0.3" } }, "sha512-D7V8PO9oaz7PWGLbCACuI1qEOsq7UKfLotx/C0Aet43fCUB/wfQ7DYeq2oR/svFJGYDHPr38SHATeaj/ZoKHKw=="],

    "minipass-fetch": ["minipass-fetch@5.0.2", "", { "dependencies": { "minipass": "^7.0.3", "minipass-sized": "^2.0.0", "minizlib": "^3.0.1" }, "optionalDependencies": { "iconv-lite": "^0.7.2" } }, "sha512-2d0q2a8eCi2IRg/IGubCNRJoYbA1+YPXAzQVRFmB45gdGZafyivnZ5YSEfo3JikbjGxOdntGFvBQGqaSMXlAFQ=="],

    "minipass-flush": ["minipass-flush@1.0.7", "", { "dependencies": { "minipass": "^3.0.0" } }, "sha512-TbqTz9cUwWyHS2Dy89P3ocAGUGxKjjLuR9z8w4WUTGAVgEj17/4nhgo2Du56i0Fm3Pm30g4iA8Lcqctc76jCzA=="],

    "minipass-pipeline": ["minipass-pipeline@1.2.4", "", { "dependencies": { "minipass": "^3.0.0" } }, "sha512-xuIq7cIOt09RPRJ19gdi4b+RiNvDFYe5JH+ggNvBqGqpQXcru3PcRmOZuHBKWK1Txf9+cQ+HMVN4d6z46LZP7A=="],

    "minipass-sized": ["minipass-sized@2.0.0", "", { "dependencies": { "minipass": "^7.1.2" } }, "sha512-zSsHhto5BcUVM2m1LurnXY6M//cGhVaegT71OfOXoprxT6o780GZd792ea6FfrQkuU4usHZIUczAQMRUE2plzA=="],

    "minizlib": ["minizlib@3.1.0", "", { "dependencies": { "minipass": "^7.1.2" } }, "sha512-KZxYo1BUkWD2TVFLr0MQoM8vUUigWD3LlD83a/75BqC+4qE0Hb1Vo5v1FgcfaNXvfXzr+5EhQ6ing/CaBijTlw=="],

    "ms": ["ms@2.1.3", "", {}, "sha512-6FlzubTLZG3J2a/NVCAleEhjzq5oxgHyaCU9yYXvcLsvoVaHJq/s5xXI6/XXP6tz7R9xAOtHnSO/tXtF3WRTlA=="],

    "negotiator": ["negotiator@1.0.0", "", {}, "sha512-8Ofs/AUQh8MaEcrlq5xOX0CQ9ypTF5dl78mjlMNfOK08fzpgTHQRQPBxcPlEtIw0yRpws+Zo/3r+5WRby7u3Gg=="],

    "p-map": ["p-map@7.0.6", "", {}, "sha512-I4Prw6ivkd6p8PiYR1tXASOAOBzIJwu0TB7fqaX0c/8c3QAehNYmX57EijyGGGBt3c/BIowGwV03RVBtXvHEVg=="],

    "path-scurry": ["path-scurry@2.0.2", "", { "dependencies": { "lru-cache": "^11.0.0", "minipass": "^7.1.2" } }, "sha512-3O/iVVsJAPsOnpwWIeD+d6z/7PmqApyQePUtCndjatj/9I5LylHvt5qluFaBT3I5h3r1ejfR056c+FCv+NnNXg=="],

    "proc-log": ["proc-log@6.1.0", "", {}, "sha512-iG+GYldRf2BQ0UDUAd6JQ/RwzaQy6mXmsk/IzlYyal4A4SNFw54MeH4/tLkF4I5WoWG9SQwuqWzS99jaFQHBuQ=="],

    "safer-buffer": ["safer-buffer@2.1.2", "", {}, "sha512-YZo3K82SD7Riyi0E1EQPojLz7kpepnSQI9IyPbHHg1XXXevb5dJI7tpyN2ADxGcQbHG7vcyRHk0cbwqcQriUtg=="],

    "semver": ["semver@7.8.5", "", { "bin": { "semver": "bin/semver.js" } }, "sha512-Y7/KDsb8LjooZpwaqGyulO6DQlksgCncchHGk+sZIY4SBvUocMBEFH5Ur1fI4dV+Jvl0w6cjvucaIi40puRioA=="],

    "sigstore": ["sigstore@4.1.1", "", { "dependencies": { "@sigstore/bundle": "^4.0.0", "@sigstore/core": "^3.2.1", "@sigstore/protobuf-specs": "^0.5.0", "@sigstore/sign": "^4.1.1", "@sigstore/tuf": "^4.0.2", "@sigstore/verify": "^3.1.1" } }, "sha512-endqECJkfhozrXMK5ngu/UAA0xVcVEFdnHJCElGaExypjW+HK5i6zu3NteLoaX/iFbRUbC3+DjttQs0GARr+5w=="],

    "smart-buffer": ["smart-buffer@4.2.0", "", {}, "sha512-94hK0Hh8rPqQl2xXc3HsaBoOXKV20MToPkcXvwbISWLEs+64sBq5kFgn2kJDHb1Pry9yrP0dxrCI9RRci7RXKg=="],

    "socks": ["socks@2.8.9", "", { "dependencies": { "ip-address": "^10.1.1", "smart-buffer": "^4.2.0" } }, "sha512-LJhUYUvItdQ0LkJTmPeaEObWXAqFyfmP85x0tch/ez9cahmhlBBLbIqDFnvBnUJGagb0JbIQrkBs1wJ+yRYpEw=="],

    "socks-proxy-agent": ["socks-proxy-agent@8.0.5", "", { "dependencies": { "agent-base": "^7.1.2", "debug": "^4.3.4", "socks": "^2.8.3" } }, "sha512-HehCEsotFqbPW9sJ8WVYB6UbmIMv7kUUORIF2Nncq4VQvBfNBLibW9YZR5dlYCSUhwcD628pRllm7n+E+YTzJw=="],

    "ssri": ["ssri@13.0.1", "", { "dependencies": { "minipass": "^7.0.3" } }, "sha512-QUiRf1+u9wPTL/76GTYlKttDEBWV1ga9ZXW8BG6kfdeyyM8LGPix9gROyg9V2+P0xNyF3X2Go526xKFdMZrHSQ=="],

    "tuf-js": ["tuf-js@4.1.0", "", { "dependencies": { "@tufjs/models": "4.1.0", "debug": "^4.4.3", "make-fetch-happen": "^15.0.1" } }, "sha512-50QV99kCKH5P/Vs4E2Gzp7BopNV+KzTXqWeaxrfu5IQJBOULRsTIS9seSsOVT8ZnGXzCyx55nYWAi4qJzpZKEQ=="],

    "yallist": ["yallist@4.0.0", "", {}, "sha512-3wdGidZyq5PB084XLES5TpOSRA3wjXAlIWMhum2kRcv/41Sn2emQ0dycQW4uZXLejwKvg6EsvbdlVL+FYEct7A=="],

    "minipass-flush/minipass": ["minipass@3.3.6", "", { "dependencies": { "yallist": "^4.0.0" } }, "sha512-DxiNidxSEK+tHG6zOIklvNOwm3hvCrbUrdtzY74U6HKTJxvIDfOUL5W5P2Ghd3DTkhhKPYGqeNUIh5qcM4YBfw=="],

    "minipass-pipeline/minipass": ["minipass@3.3.6", "", { "dependencies": { "yallist": "^4.0.0" } }, "sha512-DxiNidxSEK+tHG6zOIklvNOwm3hvCrbUrdtzY74U6HKTJxvIDfOUL5W5P2Ghd3DTkhhKPYGqeNUIh5qcM4YBfw=="],
  }
}
