{
  "lockfileVersion": 1,
  "configVersion": 1,
  "workspaces": {
    "": {
      "name": "pane-dash-npa13-fixture",
      "dependencies": {
        "npm-package-arg": "13.0.2",
      },
    },
  },
  "packages": {
    "hosted-git-info": ["hosted-git-info@9.0.3", "https://registry.npmjs.org/hosted-git-info/-/hosted-git-info-9.0.3.tgz", { "dependencies": { "lru-cache": "^11.1.0" } }, "sha512-Hc+ghLoSt6QaYZUv0WBiIvmMDZuZZ7oaDvdH8MbfOO4lOsxdXLEvuC6ePoGs9H1X9oCLyq6+NVN0MKqD+ydxyg=="],

    "lru-cache": ["lru-cache@11.5.2", "https://registry.npmjs.org/lru-cache/-/lru-cache-11.5.2.tgz", {}, "sha512-4pfM1Ff0x50o0tQwb5ucw/RzNyD0/YJME6IVcStalZuMWxdt3sR3huStTtxz4PUmvZfRguvDejasvQ2kifR11g=="],

    "npm-package-arg": ["npm-package-arg@13.0.2", "https://registry.npmjs.org/npm-package-arg/-/npm-package-arg-13.0.2.tgz", { "dependencies": { "hosted-git-info": "^9.0.0", "proc-log": "^6.0.0", "semver": "^7.3.5", "validate-npm-package-name": "^7.0.0" } }, "sha512-IciCE3SY3uE84Ld8WZU23gAPPV9rIYod4F+rc+vJ7h7cwAJt9Vk6TVsK60ry7Uj3SRS3bqRRIGuTp9YVlk6WNA=="],

    "proc-log": ["proc-log@6.1.0", "https://registry.npmjs.org/proc-log/-/proc-log-6.1.0.tgz", {}, "sha512-iG+GYldRf2BQ0UDUAd6JQ/RwzaQy6mXmsk/IzlYyal4A4SNFw54MeH4/tLkF4I5WoWG9SQwuqWzS99jaFQHBuQ=="],

    "semver": ["semver@7.8.5", "https://registry.npmjs.org/semver/-/semver-7.8.5.tgz", { "bin": { "semver": "bin/semver.js" } }, "sha512-Y7/KDsb8LjooZpwaqGyulO6DQlksgCncchHGk+sZIY4SBvUocMBEFH5Ur1fI4dV+Jvl0w6cjvucaIi40puRioA=="],

    "validate-npm-package-name": ["validate-npm-package-name@7.0.2", "https://registry.npmjs.org/validate-npm-package-name/-/validate-npm-package-name-7.0.2.tgz", {}, "sha512-hVDIBwsRruT73PbK7uP5ebUt+ezEtCmzZz3F59BSr2F6OVFnJ/6h8liuvdLrQ88Xmnk6/+xGGuq+pG9WwTuy3A=="],
  }
}
